
Microsoft Visual Studio Solution File, Format Version 12.00
# Visual Studio 14
VisualStudioVersion = 14.0.25420.1
MinimumVisualStudioVersion = 10.0.40219.1
Project("{FAE04EC0-301F-11D3-BF4B-00C04F79EFBC}") = "Lab1", "Lab1\Lab1.csproj", "{6C7CE0D8-55E3-407E-A73D-140D438EFCC2}"
EndProject
Project("{FAE04EC0-301F-11D3-BF4B-00C04F79EFBC}") = "Lab2", "Lab2\Lab2.csproj", "{D28FFE3E-5777-47FE-BFBC-7FA4244AC3A1}"
EndProject
Project("{FAE04EC0-301F-11D3-BF4B-00C04F79EFBC}") = "Lab3", "Lab3\Lab3.csproj", "{776739A2-A400-419B-B46A-61B6BC30E2CA}"
EndProject
Project("{FAE04EC0-301F-11D3-BF4B-00C04F79EFBC}") = "Lab4", "Lab4\Lab4.csproj", "{208A3E1C-0530-41BE-A810-9A327BEBEF2B}"
EndProject
Global
	GlobalSection(SolutionConfigurationPlatforms) = preSolution
		Debug|Any CPU = Debug|Any CPU
		Release|Any CPU = Release|Any CPU
	EndGlobalSection
	GlobalSection(ProjectConfigurationPlatforms) = postSolution
		{6C7CE0D8-55E3-407E-A73D-140D438EFCC2}.Debug|Any CPU.ActiveCfg = Debug|Any CPU
		{6C7CE0D8-55E3-407E-A73D-140D438EFCC2}.Debug|Any CPU.Build.0 = Debug|Any CPU
		{6C7CE0D8-55E3-407E-A73D-140D438EFCC2}.Release|Any CPU.ActiveCfg = Release|Any CPU
		{6C7CE0D8-55E3-407E-A73D-140D438EFCC2}.Release|Any CPU.Build.0 = Release|Any CPU
		{D28FFE3E-5777-47FE-BFBC-7FA4244AC3A1}.Debug|Any CPU.ActiveCfg = Debug|Any CPU
		{D28FFE3E-5777-47FE-BFBC-7FA4244AC3A1}.Debug|Any CPU.Build.0 = Debug|Any CPU
		{D28FFE3E-5777-47FE-BFBC-7FA4244AC3A1}.Release|Any CPU.ActiveCfg = Release|Any CPU
		{D28FFE3E-5777-47FE-BFBC-7FA4244AC3A1}.Release|Any CPU.Build.0 = Release|Any CPU
		{776739A2-A400-419B-B46A-61B6BC30E2CA}.Debug|Any CPU.ActiveCfg = Debug|Any CPU
		{776739A2-A400-419B-B46A-61B6BC30E2CA}.Debug|Any CPU.Build.0 = Debug|Any CPU
		{776739A2-A400-419B-B46A-61B6BC30E2CA}.Release|Any CPU.ActiveCfg = Release|Any CPU
		{776739A2-A400-419B-B46A-61B6BC30E2CA}.Release|Any CPU.Build.0 = Release|Any CPU
		{208A3E1C-0530-41BE-A810-9A327BEBEF2B}.Debug|Any CPU.ActiveCfg = Debug|Any CPU
		{208A3E1C-0530-41BE-A810-9A327BEBEF2B}.Debug|Any CPU.Build.0 = Debug|Any CPU
		{208A3E1C-0530-41BE-A810-9A327BEBEF2B}.Release|Any CPU.ActiveCfg = Release|Any CPU
		{208A3E1C-0530-41BE-A810-9A327BEBEF2B}.Release|Any CPU.Build.0 = Release|Any CPU
	EndGlobalSection
	GlobalSection(SolutionProperties) = preSolution
		HideSolutionNode = FALSE
	EndGlobalSection
EndGlobal
